
Microsoft Visual Studio Solution File, Format Version 12.00
# Visual Studio Version 16
VisualStudioVersion = 16.0.29209.62
MinimumVisualStudioVersion = 10.0.40219.1
Project("{9A19103F-16F7-4668-BE54-9A1E7A4F7556}") = "PokerHandShowdown", "PokerHandShowdown\PokerHandShowdown.csproj", "{ED1792C4-E345-430B-BEDE-73113F6E9D95}"
EndProject
Project("{9A19103F-16F7-4668-BE54-9A1E7A4F7556}") = "PokerHandEvaluator", "PokerHandEvaluator\PokerHandEvaluator.csproj", "{0490B0BB-8429-422B-849E-D73DFB6DF325}"
EndProject
Project("{2150E333-8FDC-42A3-9474-1A3956D46DE8}") = "Solution Items", "Solution Items", "{824A560C-5200-497F-A096-D3051B580752}"
EndProject
Global
	GlobalSection(SolutionConfigurationPlatforms) = preSolution
		Debug|Any CPU = Debug|Any CPU
		Release|Any CPU = Release|Any CPU
	EndGlobalSection
	GlobalSection(ProjectConfigurationPlatforms) = postSolution
		{ED1792C4-E345-430B-BEDE-73113F6E9D95}.Debug|Any CPU.ActiveCfg = Debug|Any CPU
		{ED1792C4-E345-430B-BEDE-73113F6E9D95}.Debug|Any CPU.Build.0 = Debug|Any CPU
		{ED1792C4-E345-430B-BEDE-73113F6E9D95}.Release|Any CPU.ActiveCfg = Release|Any CPU
		{ED1792C4-E345-430B-BEDE-73113F6E9D95}.Release|Any CPU.Build.0 = Release|Any CPU
		{0490B0BB-8429-422B-849E-D73DFB6DF325}.Debug|Any CPU.ActiveCfg = Debug|Any CPU
		{0490B0BB-8429-422B-849E-D73DFB6DF325}.Debug|Any CPU.Build.0 = Debug|Any CPU
		{0490B0BB-8429-422B-849E-D73DFB6DF325}.Release|Any CPU.ActiveCfg = Release|Any CPU
		{0490B0BB-8429-422B-849E-D73DFB6DF325}.Release|Any CPU.Build.0 = Release|Any CPU
	EndGlobalSection
	GlobalSection(SolutionProperties) = preSolution
		HideSolutionNode = FALSE
	EndGlobalSection
	GlobalSection(ExtensibilityGlobals) = postSolution
		SolutionGuid = {6A4637E8-99CC-4CF1-8DAB-E3EA618690B6}
	EndGlobalSection
EndGlobal
